
Microsoft Visual Studio Solution File, Format Version 12.00
# Visual Studio Version 17
VisualStudioVersion = 17.11.35431.28
MinimumVisualStudioVersion = 10.0.40219.1
Project("{FAE04EC0-301F-11D3-BF4B-00C04F79EFBC}") = "task08", "task08\task08.csproj", "{3F8F9EBD-EB28-4AC1-B150-1B51B8DE86A2}"
EndProject
Global
	GlobalSection(SolutionConfigurationPlatforms) = preSolution
		Debug|Any CPU = Debug|Any CPU
		Release|Any CPU = Release|Any CPU
	EndGlobalSection
	GlobalSection(ProjectConfigurationPlatforms) = postSolution
		{3F8F9EBD-EB28-4AC1-B150-1B51B8DE86A2}.Debug|Any CPU.ActiveCfg = Debug|Any CPU
		{3F8F9EBD-EB28-4AC1-B150-1B51B8DE86A2}.Debug|Any CPU.Build.0 = Debug|Any CPU
		{3F8F9EBD-EB28-4AC1-B150-1B51B8DE86A2}.Release|Any CPU.ActiveCfg = Release|Any CPU
		{3F8F9EBD-EB28-4AC1-B150-1B51B8DE86A2}.Release|Any CPU.Build.0 = Release|Any CPU
	EndGlobalSection
	GlobalSection(SolutionProperties) = preSolution
		HideSolutionNode = FALSE
	EndGlobalSection
	GlobalSection(ExtensibilityGlobals) = postSolution
		SolutionGuid = {582EEE67-E7C1-4E3D-B371-4F77D3F81596}
	EndGlobalSection
EndGlobal
