
Microsoft Visual Studio Solution File, Format Version 12.00
# Visual Studio Version 17
VisualStudioVersion = 17.11.35303.130
MinimumVisualStudioVersion = 10.0.40219.1
Project("{FAE04EC0-301F-11D3-BF4B-00C04F79EFBC}") = "Task02", "Task02\Task02.csproj", "{DBD4F553-B4E7-4C6F-866D-E93545E84F43}"
EndProject
Global
	GlobalSection(SolutionConfigurationPlatforms) = preSolution
		Debug|Any CPU = Debug|Any CPU
		Release|Any CPU = Release|Any CPU
	EndGlobalSection
	GlobalSection(ProjectConfigurationPlatforms) = postSolution
		{DBD4F553-B4E7-4C6F-866D-E93545E84F43}.Debug|Any CPU.ActiveCfg = Debug|Any CPU
		{DBD4F553-B4E7-4C6F-866D-E93545E84F43}.Debug|Any CPU.Build.0 = Debug|Any CPU
		{DBD4F553-B4E7-4C6F-866D-E93545E84F43}.Release|Any CPU.ActiveCfg = Release|Any CPU
		{DBD4F553-B4E7-4C6F-866D-E93545E84F43}.Release|Any CPU.Build.0 = Release|Any CPU
	EndGlobalSection
	GlobalSection(SolutionProperties) = preSolution
		HideSolutionNode = FALSE
	EndGlobalSection
	GlobalSection(ExtensibilityGlobals) = postSolution
		SolutionGuid = {4EF4AA9F-8BBF-441C-84E0-DE31679F2073}
	EndGlobalSection
EndGlobal
