
Microsoft Visual Studio Solution File, Format Version 12.00
# Visual Studio Version 17
VisualStudioVersion = 17.11.35327.3
MinimumVisualStudioVersion = 10.0.40219.1
Project("{FAE04EC0-301F-11D3-BF4B-00C04F79EFBC}") = "task06.2", "task06.2\task06.2.csproj", "{F9087E15-6D7F-41EF-AD3B-8D106A06760B}"
EndProject
Global
	GlobalSection(SolutionConfigurationPlatforms) = preSolution
		Debug|Any CPU = Debug|Any CPU
		Release|Any CPU = Release|Any CPU
	EndGlobalSection
	GlobalSection(ProjectConfigurationPlatforms) = postSolution
		{F9087E15-6D7F-41EF-AD3B-8D106A06760B}.Debug|Any CPU.ActiveCfg = Debug|Any CPU
		{F9087E15-6D7F-41EF-AD3B-8D106A06760B}.Debug|Any CPU.Build.0 = Debug|Any CPU
		{F9087E15-6D7F-41EF-AD3B-8D106A06760B}.Release|Any CPU.ActiveCfg = Release|Any CPU
		{F9087E15-6D7F-41EF-AD3B-8D106A06760B}.Release|Any CPU.Build.0 = Release|Any CPU
	EndGlobalSection
	GlobalSection(SolutionProperties) = preSolution
		HideSolutionNode = FALSE
	EndGlobalSection
	GlobalSection(ExtensibilityGlobals) = postSolution
		SolutionGuid = {539326F5-7D1A-40EF-B5FC-404EBD8C656C}
	EndGlobalSection
EndGlobal
