
Microsoft Visual Studio Solution File, Format Version 12.00
# Visual Studio Version 17
VisualStudioVersion = 17.11.35431.28
MinimumVisualStudioVersion = 10.0.40219.1
Project("{FAE04EC0-301F-11D3-BF4B-00C04F79EFBC}") = "task03", "task03\task03.csproj", "{F61DE110-F9CE-4443-8B07-B273551D6413}"
EndProject
Global
	GlobalSection(SolutionConfigurationPlatforms) = preSolution
		Debug|Any CPU = Debug|Any CPU
		Release|Any CPU = Release|Any CPU
	EndGlobalSection
	GlobalSection(ProjectConfigurationPlatforms) = postSolution
		{F61DE110-F9CE-4443-8B07-B273551D6413}.Debug|Any CPU.ActiveCfg = Debug|Any CPU
		{F61DE110-F9CE-4443-8B07-B273551D6413}.Debug|Any CPU.Build.0 = Debug|Any CPU
		{F61DE110-F9CE-4443-8B07-B273551D6413}.Release|Any CPU.ActiveCfg = Release|Any CPU
		{F61DE110-F9CE-4443-8B07-B273551D6413}.Release|Any CPU.Build.0 = Release|Any CPU
	EndGlobalSection
	GlobalSection(SolutionProperties) = preSolution
		HideSolutionNode = FALSE
	EndGlobalSection
	GlobalSection(ExtensibilityGlobals) = postSolution
		SolutionGuid = {DC625865-DC42-4545-85D5-CE0819D2FF8E}
	EndGlobalSection
EndGlobal
