
Microsoft Visual Studio Solution File, Format Version 12.00
# Visual Studio Version 17
VisualStudioVersion = 17.11.35303.130
MinimumVisualStudioVersion = 10.0.40219.1
Project("{FAE04EC0-301F-11D3-BF4B-00C04F79EFBC}") = "Task03", "Task03\Task03.csproj", "{4A679F9E-19CC-4726-B48F-555EDD7B505B}"
EndProject
Global
	GlobalSection(SolutionConfigurationPlatforms) = preSolution
		Debug|Any CPU = Debug|Any CPU
		Release|Any CPU = Release|Any CPU
	EndGlobalSection
	GlobalSection(ProjectConfigurationPlatforms) = postSolution
		{4A679F9E-19CC-4726-B48F-555EDD7B505B}.Debug|Any CPU.ActiveCfg = Debug|Any CPU
		{4A679F9E-19CC-4726-B48F-555EDD7B505B}.Debug|Any CPU.Build.0 = Debug|Any CPU
		{4A679F9E-19CC-4726-B48F-555EDD7B505B}.Release|Any CPU.ActiveCfg = Release|Any CPU
		{4A679F9E-19CC-4726-B48F-555EDD7B505B}.Release|Any CPU.Build.0 = Release|Any CPU
	EndGlobalSection
	GlobalSection(SolutionProperties) = preSolution
		HideSolutionNode = FALSE
	EndGlobalSection
	GlobalSection(ExtensibilityGlobals) = postSolution
		SolutionGuid = {BFD40881-F733-4E88-92B4-EB85BBD3D6DB}
	EndGlobalSection
EndGlobal
