
Microsoft Visual Studio Solution File, Format Version 12.00
# Visual Studio Version 17
VisualStudioVersion = 17.11.35431.28
MinimumVisualStudioVersion = 10.0.40219.1
Project("{FAE04EC0-301F-11D3-BF4B-00C04F79EFBC}") = "task10-3", "task10-3\task10-3.csproj", "{E9A1B836-96A5-490C-8B20-1975BF757E13}"
EndProject
Global
	GlobalSection(SolutionConfigurationPlatforms) = preSolution
		Debug|Any CPU = Debug|Any CPU
		Release|Any CPU = Release|Any CPU
	EndGlobalSection
	GlobalSection(ProjectConfigurationPlatforms) = postSolution
		{E9A1B836-96A5-490C-8B20-1975BF757E13}.Debug|Any CPU.ActiveCfg = Debug|Any CPU
		{E9A1B836-96A5-490C-8B20-1975BF757E13}.Debug|Any CPU.Build.0 = Debug|Any CPU
		{E9A1B836-96A5-490C-8B20-1975BF757E13}.Release|Any CPU.ActiveCfg = Release|Any CPU
		{E9A1B836-96A5-490C-8B20-1975BF757E13}.Release|Any CPU.Build.0 = Release|Any CPU
	EndGlobalSection
	GlobalSection(SolutionProperties) = preSolution
		HideSolutionNode = FALSE
	EndGlobalSection
	GlobalSection(ExtensibilityGlobals) = postSolution
		SolutionGuid = {0AA3DD1E-6AF5-419D-9936-5F65E7CED9CB}
	EndGlobalSection
EndGlobal
